
Microsoft Visual Studio Solution File, Format Version 12.00
# Visual Studio Version 17
VisualStudioVersion = 17.8.34330.188
MinimumVisualStudioVersion = 10.0.40219.1
Project("{9A19103F-16F7-4668-BE54-9A1E7A4F7556}") = "01-GetStart", "01-GetStart\01-GetStart.csproj", "{DC91F3A8-8354-43A5-B176-FF34B0810BA6}"
EndProject
Project("{9A19103F-16F7-4668-BE54-9A1E7A4F7556}") = "02-NativeFunc", "02-NativeFunc\02-NativeFunc.csproj", "{50FC5952-FBDD-4C6C-BC6C-F390A4E8E014}"
EndProject
Project("{9A19103F-16F7-4668-BE54-9A1E7A4F7556}") = "03-MultiSemanticFuncs", "03-MultiSemanticFuncs\03-MultiSemanticFuncs.csproj", "{4D73EFD0-7583-4FD2-843C-EC1A015D827D}"
EndProject
Project("{9A19103F-16F7-4668-BE54-9A1E7A4F7556}") = "TransAndRag", "04-TransAndRag\TransAndRag.csproj", "{DBAE123A-4771-48FF-9D17-A941A7A44005}"
EndProject
Project("{FAE04EC0-301F-11D3-BF4B-00C04F79EFBC}") = "05-EasySummaryClassification", "05-EasySummaryClassification\05-EasySummaryClassification.csproj", "{ECAC4F85-6CBB-4FBD-8685-6D5206B6BA68}"
EndProject
Global
	GlobalSection(SolutionConfigurationPlatforms) = preSolution
		Debug|Any CPU = Debug|Any CPU
		Release|Any CPU = Release|Any CPU
	EndGlobalSection
	GlobalSection(ProjectConfigurationPlatforms) = postSolution
		{DC91F3A8-8354-43A5-B176-FF34B0810BA6}.Debug|Any CPU.ActiveCfg = Debug|Any CPU
		{DC91F3A8-8354-43A5-B176-FF34B0810BA6}.Debug|Any CPU.Build.0 = Debug|Any CPU
		{DC91F3A8-8354-43A5-B176-FF34B0810BA6}.Release|Any CPU.ActiveCfg = Release|Any CPU
		{DC91F3A8-8354-43A5-B176-FF34B0810BA6}.Release|Any CPU.Build.0 = Release|Any CPU
		{50FC5952-FBDD-4C6C-BC6C-F390A4E8E014}.Debug|Any CPU.ActiveCfg = Debug|Any CPU
		{50FC5952-FBDD-4C6C-BC6C-F390A4E8E014}.Debug|Any CPU.Build.0 = Debug|Any CPU
		{50FC5952-FBDD-4C6C-BC6C-F390A4E8E014}.Release|Any CPU.ActiveCfg = Release|Any CPU
		{50FC5952-FBDD-4C6C-BC6C-F390A4E8E014}.Release|Any CPU.Build.0 = Release|Any CPU
		{4D73EFD0-7583-4FD2-843C-EC1A015D827D}.Debug|Any CPU.ActiveCfg = Debug|Any CPU
		{4D73EFD0-7583-4FD2-843C-EC1A015D827D}.Debug|Any CPU.Build.0 = Debug|Any CPU
		{4D73EFD0-7583-4FD2-843C-EC1A015D827D}.Release|Any CPU.ActiveCfg = Release|Any CPU
		{4D73EFD0-7583-4FD2-843C-EC1A015D827D}.Release|Any CPU.Build.0 = Release|Any CPU
		{DBAE123A-4771-48FF-9D17-A941A7A44005}.Debug|Any CPU.ActiveCfg = Debug|Any CPU
		{DBAE123A-4771-48FF-9D17-A941A7A44005}.Debug|Any CPU.Build.0 = Debug|Any CPU
		{DBAE123A-4771-48FF-9D17-A941A7A44005}.Release|Any CPU.ActiveCfg = Release|Any CPU
		{DBAE123A-4771-48FF-9D17-A941A7A44005}.Release|Any CPU.Build.0 = Release|Any CPU
		{ECAC4F85-6CBB-4FBD-8685-6D5206B6BA68}.Debug|Any CPU.ActiveCfg = Debug|Any CPU
		{ECAC4F85-6CBB-4FBD-8685-6D5206B6BA68}.Debug|Any CPU.Build.0 = Debug|Any CPU
		{ECAC4F85-6CBB-4FBD-8685-6D5206B6BA68}.Release|Any CPU.ActiveCfg = Release|Any CPU
		{ECAC4F85-6CBB-4FBD-8685-6D5206B6BA68}.Release|Any CPU.Build.0 = Release|Any CPU
	EndGlobalSection
	GlobalSection(SolutionProperties) = preSolution
		HideSolutionNode = FALSE
	EndGlobalSection
	GlobalSection(ExtensibilityGlobals) = postSolution
		SolutionGuid = {5F447545-4CAA-4264-BB76-356D6C303E1B}
	EndGlobalSection
EndGlobal
