
Microsoft Visual Studio Solution File, Format Version 12.00
# Visual Studio Version 17
VisualStudioVersion = 17.8.34330.188
MinimumVisualStudioVersion = 10.0.40219.1
Project("{9A19103F-16F7-4668-BE54-9A1E7A4F7556}") = "01-GetStart", "01-GetStart\01-GetStart.csproj", "{3F2D8E65-5805-4173-BA15-A8601B8F4264}"
EndProject
Project("{9A19103F-16F7-4668-BE54-9A1E7A4F7556}") = "02-NativeFunc", "02-NativeFunc\02-NativeFunc.csproj", "{6C91DCC2-7436-4393-A82B-AE332AD5B944}"
EndProject
Project("{9A19103F-16F7-4668-BE54-9A1E7A4F7556}") = "03-MultiSemanticFuncs", "03-MultiSemanticFuncs\03-MultiSemanticFuncs.csproj", "{E85140AD-D5B7-47FA-BE81-6611A7BD390C}"
EndProject
Project("{9A19103F-16F7-4668-BE54-9A1E7A4F7556}") = "TransAndRag", "04-TransAndRag\TransAndRag.csproj", "{50470A68-39A1-4178-AC81-78CF0CEA0E02}"
EndProject
Project("{9A19103F-16F7-4668-BE54-9A1E7A4F7556}") = "05-EasySummaryClassification", "05-EasySummaryClassification\05-EasySummaryClassification.csproj", "{55C40090-230F-47AA-9F60-FB35A555F1C6}"
EndProject
Global
	GlobalSection(SolutionConfigurationPlatforms) = preSolution
		Debug|Any CPU = Debug|Any CPU
		Release|Any CPU = Release|Any CPU
	EndGlobalSection
	GlobalSection(ProjectConfigurationPlatforms) = postSolution
		{3F2D8E65-5805-4173-BA15-A8601B8F4264}.Debug|Any CPU.ActiveCfg = Debug|Any CPU
		{3F2D8E65-5805-4173-BA15-A8601B8F4264}.Debug|Any CPU.Build.0 = Debug|Any CPU
		{3F2D8E65-5805-4173-BA15-A8601B8F4264}.Release|Any CPU.ActiveCfg = Release|Any CPU
		{3F2D8E65-5805-4173-BA15-A8601B8F4264}.Release|Any CPU.Build.0 = Release|Any CPU
		{6C91DCC2-7436-4393-A82B-AE332AD5B944}.Debug|Any CPU.ActiveCfg = Debug|Any CPU
		{6C91DCC2-7436-4393-A82B-AE332AD5B944}.Debug|Any CPU.Build.0 = Debug|Any CPU
		{6C91DCC2-7436-4393-A82B-AE332AD5B944}.Release|Any CPU.ActiveCfg = Release|Any CPU
		{6C91DCC2-7436-4393-A82B-AE332AD5B944}.Release|Any CPU.Build.0 = Release|Any CPU
		{E85140AD-D5B7-47FA-BE81-6611A7BD390C}.Debug|Any CPU.ActiveCfg = Debug|Any CPU
		{E85140AD-D5B7-47FA-BE81-6611A7BD390C}.Debug|Any CPU.Build.0 = Debug|Any CPU
		{E85140AD-D5B7-47FA-BE81-6611A7BD390C}.Release|Any CPU.ActiveCfg = Release|Any CPU
		{E85140AD-D5B7-47FA-BE81-6611A7BD390C}.Release|Any CPU.Build.0 = Release|Any CPU
		{50470A68-39A1-4178-AC81-78CF0CEA0E02}.Debug|Any CPU.ActiveCfg = Debug|Any CPU
		{50470A68-39A1-4178-AC81-78CF0CEA0E02}.Debug|Any CPU.Build.0 = Debug|Any CPU
		{50470A68-39A1-4178-AC81-78CF0CEA0E02}.Release|Any CPU.ActiveCfg = Release|Any CPU
		{50470A68-39A1-4178-AC81-78CF0CEA0E02}.Release|Any CPU.Build.0 = Release|Any CPU
		{55C40090-230F-47AA-9F60-FB35A555F1C6}.Debug|Any CPU.ActiveCfg = Debug|Any CPU
		{55C40090-230F-47AA-9F60-FB35A555F1C6}.Debug|Any CPU.Build.0 = Debug|Any CPU
		{55C40090-230F-47AA-9F60-FB35A555F1C6}.Release|Any CPU.ActiveCfg = Release|Any CPU
		{55C40090-230F-47AA-9F60-FB35A555F1C6}.Release|Any CPU.Build.0 = Release|Any CPU
	EndGlobalSection
	GlobalSection(SolutionProperties) = preSolution
		HideSolutionNode = FALSE
	EndGlobalSection
	GlobalSection(ExtensibilityGlobals) = postSolution
		SolutionGuid = {091D25FC-49E1-4FE7-8016-A7A44B623095}
	EndGlobalSection
EndGlobal
