
Microsoft Visual Studio Solution File, Format Version 12.00
# Visual Studio Version 17
VisualStudioVersion = 17.6.33829.357
MinimumVisualStudioVersion = 10.0.40219.1
Project("{9A19103F-16F7-4668-BE54-9A1E7A4F7556}") = "MixSemanticFunAndNativeFun", "MixSemanticFunAndNativeFun\MixSemanticFunAndNativeFun.csproj", "{FF00B549-32B1-4C1C-AB01-E1221F2AFFF8}"
EndProject
Project("{9A19103F-16F7-4668-BE54-9A1E7A4F7556}") = "SequentialPlannerSample", "SequentialPlannerSample\SequentialPlannerSample.csproj", "{3E07845B-30A2-476E-8EE3-8F0801F532F8}"
EndProject
Project("{9A19103F-16F7-4668-BE54-9A1E7A4F7556}") = "TransAndRag", "TransAndRag\TransAndRag.csproj", "{190DDA91-447C-4136-851F-34BB17ED7DFC}"
EndProject
Project("{9A19103F-16F7-4668-BE54-9A1E7A4F7556}") = "WebSearch", "WebSearch\WebSearch.csproj", "{BDA3B4FE-FB65-4A71-9ECB-646A1837ECE6}"
EndProject
Global
	GlobalSection(SolutionConfigurationPlatforms) = preSolution
		Debug|Any CPU = Debug|Any CPU
		Release|Any CPU = Release|Any CPU
	EndGlobalSection
	GlobalSection(ProjectConfigurationPlatforms) = postSolution
		{FF00B549-32B1-4C1C-AB01-E1221F2AFFF8}.Debug|Any CPU.ActiveCfg = Debug|Any CPU
		{FF00B549-32B1-4C1C-AB01-E1221F2AFFF8}.Debug|Any CPU.Build.0 = Debug|Any CPU
		{FF00B549-32B1-4C1C-AB01-E1221F2AFFF8}.Release|Any CPU.ActiveCfg = Release|Any CPU
		{FF00B549-32B1-4C1C-AB01-E1221F2AFFF8}.Release|Any CPU.Build.0 = Release|Any CPU
		{3E07845B-30A2-476E-8EE3-8F0801F532F8}.Debug|Any CPU.ActiveCfg = Debug|Any CPU
		{3E07845B-30A2-476E-8EE3-8F0801F532F8}.Debug|Any CPU.Build.0 = Debug|Any CPU
		{3E07845B-30A2-476E-8EE3-8F0801F532F8}.Release|Any CPU.ActiveCfg = Release|Any CPU
		{3E07845B-30A2-476E-8EE3-8F0801F532F8}.Release|Any CPU.Build.0 = Release|Any CPU
		{190DDA91-447C-4136-851F-34BB17ED7DFC}.Debug|Any CPU.ActiveCfg = Debug|Any CPU
		{190DDA91-447C-4136-851F-34BB17ED7DFC}.Debug|Any CPU.Build.0 = Debug|Any CPU
		{190DDA91-447C-4136-851F-34BB17ED7DFC}.Release|Any CPU.ActiveCfg = Release|Any CPU
		{190DDA91-447C-4136-851F-34BB17ED7DFC}.Release|Any CPU.Build.0 = Release|Any CPU
		{BDA3B4FE-FB65-4A71-9ECB-646A1837ECE6}.Debug|Any CPU.ActiveCfg = Debug|Any CPU
		{BDA3B4FE-FB65-4A71-9ECB-646A1837ECE6}.Debug|Any CPU.Build.0 = Debug|Any CPU
		{BDA3B4FE-FB65-4A71-9ECB-646A1837ECE6}.Release|Any CPU.ActiveCfg = Release|Any CPU
		{BDA3B4FE-FB65-4A71-9ECB-646A1837ECE6}.Release|Any CPU.Build.0 = Release|Any CPU
	EndGlobalSection
	GlobalSection(SolutionProperties) = preSolution
		HideSolutionNode = FALSE
	EndGlobalSection
	GlobalSection(ExtensibilityGlobals) = postSolution
		SolutionGuid = {F36445AD-883D-4F2F-BF18-0E2957709C58}
	EndGlobalSection
EndGlobal
